
Microsoft Visual Studio Solution File, Format Version 12.00
# Visual Studio Version 17
VisualStudioVersion = 17.7.34221.43
MinimumVisualStudioVersion = 10.0.40219.1
Project("{9A19103F-16F7-4668-BE54-9A1E7A4F7556}") = "Dian00_FunctionApp", "Dian_FunctionApp\Dian00_FunctionApp.csproj", "{8CA24C7B-53D1-4E61-A6F5-201F28EC7B8F}"
EndProject
Project("{9A19103F-16F7-4668-BE54-9A1E7A4F7556}") = "Dian01.Data", "Dian.Data\Dian01.Data.csproj", "{1F52BE02-85C3-43D0-A00B-2F0CB43FDDC9}"
EndProject
Project("{9A19103F-16F7-4668-BE54-9A1E7A4F7556}") = "Dian02.Entities", "Dian.Entities\Dian02.Entities.csproj", "{2FE5D157-1507-485B-91CB-552FA527B87F}"
EndProject
Project("{9A19103F-16F7-4668-BE54-9A1E7A4F7556}") = "Dian03.Business", "Dian.Business\Dian03.Business.csproj", "{306E7A73-E5C6-48AF-80E7-E1876E666CD4}"
EndProject
Project("{9A19103F-16F7-4668-BE54-9A1E7A4F7556}") = "Dian04.WebApp", "Dian.WebApp\Dian04.WebApp.csproj", "{2688BD17-D5A8-43EC-B25E-F6819A037B29}"
EndProject
Project("{2150E333-8FDC-42A3-9474-1A3956D46DE8}") = "Dian.Tests", "Dian.Tests", "{8A96287E-387A-49D7-AC53-D89FECDE62BF}"
EndProject
Project("{FAE04EC0-301F-11D3-BF4B-00C04F79EFBC}") = "Dian.Tests", "Dian.Tests\Dian.Tests.csproj", "{E30475C5-1211-4CEE-8B8E-399E4D458586}"
EndProject
Global
	GlobalSection(SolutionConfigurationPlatforms) = preSolution
		Debug|Any CPU = Debug|Any CPU
		Release|Any CPU = Release|Any CPU
	EndGlobalSection
	GlobalSection(ProjectConfigurationPlatforms) = postSolution
		{8CA24C7B-53D1-4E61-A6F5-201F28EC7B8F}.Debug|Any CPU.ActiveCfg = Debug|Any CPU
		{8CA24C7B-53D1-4E61-A6F5-201F28EC7B8F}.Debug|Any CPU.Build.0 = Debug|Any CPU
		{8CA24C7B-53D1-4E61-A6F5-201F28EC7B8F}.Release|Any CPU.ActiveCfg = Release|Any CPU
		{8CA24C7B-53D1-4E61-A6F5-201F28EC7B8F}.Release|Any CPU.Build.0 = Release|Any CPU
		{1F52BE02-85C3-43D0-A00B-2F0CB43FDDC9}.Debug|Any CPU.ActiveCfg = Debug|Any CPU
		{1F52BE02-85C3-43D0-A00B-2F0CB43FDDC9}.Debug|Any CPU.Build.0 = Debug|Any CPU
		{1F52BE02-85C3-43D0-A00B-2F0CB43FDDC9}.Release|Any CPU.ActiveCfg = Release|Any CPU
		{1F52BE02-85C3-43D0-A00B-2F0CB43FDDC9}.Release|Any CPU.Build.0 = Release|Any CPU
		{2FE5D157-1507-485B-91CB-552FA527B87F}.Debug|Any CPU.ActiveCfg = Debug|Any CPU
		{2FE5D157-1507-485B-91CB-552FA527B87F}.Debug|Any CPU.Build.0 = Debug|Any CPU
		{2FE5D157-1507-485B-91CB-552FA527B87F}.Release|Any CPU.ActiveCfg = Release|Any CPU
		{2FE5D157-1507-485B-91CB-552FA527B87F}.Release|Any CPU.Build.0 = Release|Any CPU
		{306E7A73-E5C6-48AF-80E7-E1876E666CD4}.Debug|Any CPU.ActiveCfg = Debug|Any CPU
		{306E7A73-E5C6-48AF-80E7-E1876E666CD4}.Debug|Any CPU.Build.0 = Debug|Any CPU
		{306E7A73-E5C6-48AF-80E7-E1876E666CD4}.Release|Any CPU.ActiveCfg = Release|Any CPU
		{306E7A73-E5C6-48AF-80E7-E1876E666CD4}.Release|Any CPU.Build.0 = Release|Any CPU
		{2688BD17-D5A8-43EC-B25E-F6819A037B29}.Debug|Any CPU.ActiveCfg = Debug|Any CPU
		{2688BD17-D5A8-43EC-B25E-F6819A037B29}.Debug|Any CPU.Build.0 = Debug|Any CPU
		{2688BD17-D5A8-43EC-B25E-F6819A037B29}.Release|Any CPU.ActiveCfg = Release|Any CPU
		{2688BD17-D5A8-43EC-B25E-F6819A037B29}.Release|Any CPU.Build.0 = Release|Any CPU
		{E30475C5-1211-4CEE-8B8E-399E4D458586}.Debug|Any CPU.ActiveCfg = Debug|Any CPU
		{E30475C5-1211-4CEE-8B8E-399E4D458586}.Debug|Any CPU.Build.0 = Debug|Any CPU
		{E30475C5-1211-4CEE-8B8E-399E4D458586}.Release|Any CPU.ActiveCfg = Release|Any CPU
		{E30475C5-1211-4CEE-8B8E-399E4D458586}.Release|Any CPU.Build.0 = Release|Any CPU
	EndGlobalSection
	GlobalSection(SolutionProperties) = preSolution
		HideSolutionNode = FALSE
	EndGlobalSection
	GlobalSection(NestedProjects) = preSolution
		{E30475C5-1211-4CEE-8B8E-399E4D458586} = {8A96287E-387A-49D7-AC53-D89FECDE62BF}
	EndGlobalSection
	GlobalSection(ExtensibilityGlobals) = postSolution
		SolutionGuid = {092ED037-21EB-4CB6-ADD4-950579CDD4B2}
	EndGlobalSection
EndGlobal
